
Microsoft Visual Studio Solution File, Format Version 12.00
Project("{2150E333-8FDC-42A3-9474-1A3956D46DE8}") = "SolutionItems", "SolutionItems", "{2326EDE6-0650-417C-8B1D-2D111BF4DE3D}"
	ProjectSection(SolutionItems) = preProject
		README.md = README.md
		.editorconfig = .editorconfig
		Directory.Build.props = Directory.Build.props
		.gitignore = .gitignore
		migrate = migrate
	EndProjectSection
EndProject
Project("{FAE04EC0-301F-11D3-BF4B-00C04F79EFBC}") = "WebApi", "WebApi\WebApi.csproj", "{76EA8722-4754-4C09-A925-D410D71F7D34}"
EndProject
Project("{FAE04EC0-301F-11D3-BF4B-00C04F79EFBC}") = "Domain", "Domain\Domain.csproj", "{3C03283E-5B1F-4FCB-9CC4-AAC4FE10E6E0}"
EndProject
Project("{FAE04EC0-301F-11D3-BF4B-00C04F79EFBC}") = "DbUp", "DbUp\DbUp.csproj", "{7FAE706E-54C8-48A1-9866-9910DF1FD9A6}"
EndProject
Project("{FAE04EC0-301F-11D3-BF4B-00C04F79EFBC}") = "Utilities", "Utilities\Utilities.csproj", "{E3630411-1DA5-41EF-8FEA-1C9CA41A9221}"
EndProject
Project("{FAE04EC0-301F-11D3-BF4B-00C04F79EFBC}") = "Core", "Core\Core.csproj", "{D82018CF-3D2B-4B73-9E41-2F8DF27D05D9}"
EndProject
Project("{FAE04EC0-301F-11D3-BF4B-00C04F79EFBC}") = "Infrastructure", "Infrastructure\Infrastructure.csproj", "{0DF2CDE8-0740-435B-AF5B-06BACF906689}"
EndProject
Global
	GlobalSection(SolutionConfigurationPlatforms) = preSolution
		Debug|Any CPU = Debug|Any CPU
		Release|Any CPU = Release|Any CPU
	EndGlobalSection
	GlobalSection(ProjectConfigurationPlatforms) = postSolution
		{9BACBB59-5EFC-4124-B6BA-22CDBF3063D9}.Debug|Any CPU.ActiveCfg = Debug|Any CPU
		{9BACBB59-5EFC-4124-B6BA-22CDBF3063D9}.Debug|Any CPU.Build.0 = Debug|Any CPU
		{9BACBB59-5EFC-4124-B6BA-22CDBF3063D9}.Release|Any CPU.ActiveCfg = Release|Any CPU
		{9BACBB59-5EFC-4124-B6BA-22CDBF3063D9}.Release|Any CPU.Build.0 = Release|Any CPU
		{B3CC5229-5206-4D0E-8037-A83B08532552}.Debug|Any CPU.ActiveCfg = Debug|Any CPU
		{B3CC5229-5206-4D0E-8037-A83B08532552}.Debug|Any CPU.Build.0 = Debug|Any CPU
		{B3CC5229-5206-4D0E-8037-A83B08532552}.Release|Any CPU.ActiveCfg = Release|Any CPU
		{B3CC5229-5206-4D0E-8037-A83B08532552}.Release|Any CPU.Build.0 = Release|Any CPU
		{76EA8722-4754-4C09-A925-D410D71F7D34}.Debug|Any CPU.ActiveCfg = Debug|Any CPU
		{76EA8722-4754-4C09-A925-D410D71F7D34}.Debug|Any CPU.Build.0 = Debug|Any CPU
		{76EA8722-4754-4C09-A925-D410D71F7D34}.Release|Any CPU.ActiveCfg = Release|Any CPU
		{76EA8722-4754-4C09-A925-D410D71F7D34}.Release|Any CPU.Build.0 = Release|Any CPU
		{3C03283E-5B1F-4FCB-9CC4-AAC4FE10E6E0}.Debug|Any CPU.ActiveCfg = Debug|Any CPU
		{3C03283E-5B1F-4FCB-9CC4-AAC4FE10E6E0}.Debug|Any CPU.Build.0 = Debug|Any CPU
		{3C03283E-5B1F-4FCB-9CC4-AAC4FE10E6E0}.Release|Any CPU.ActiveCfg = Release|Any CPU
		{3C03283E-5B1F-4FCB-9CC4-AAC4FE10E6E0}.Release|Any CPU.Build.0 = Release|Any CPU
		{7FAE706E-54C8-48A1-9866-9910DF1FD9A6}.Debug|Any CPU.ActiveCfg = Debug|Any CPU
		{7FAE706E-54C8-48A1-9866-9910DF1FD9A6}.Debug|Any CPU.Build.0 = Debug|Any CPU
		{7FAE706E-54C8-48A1-9866-9910DF1FD9A6}.Release|Any CPU.ActiveCfg = Release|Any CPU
		{7FAE706E-54C8-48A1-9866-9910DF1FD9A6}.Release|Any CPU.Build.0 = Release|Any CPU
		{E3630411-1DA5-41EF-8FEA-1C9CA41A9221}.Debug|Any CPU.ActiveCfg = Debug|Any CPU
		{E3630411-1DA5-41EF-8FEA-1C9CA41A9221}.Debug|Any CPU.Build.0 = Debug|Any CPU
		{E3630411-1DA5-41EF-8FEA-1C9CA41A9221}.Release|Any CPU.ActiveCfg = Release|Any CPU
		{E3630411-1DA5-41EF-8FEA-1C9CA41A9221}.Release|Any CPU.Build.0 = Release|Any CPU
		{D82018CF-3D2B-4B73-9E41-2F8DF27D05D9}.Debug|Any CPU.ActiveCfg = Debug|Any CPU
		{D82018CF-3D2B-4B73-9E41-2F8DF27D05D9}.Debug|Any CPU.Build.0 = Debug|Any CPU
		{D82018CF-3D2B-4B73-9E41-2F8DF27D05D9}.Release|Any CPU.ActiveCfg = Release|Any CPU
		{D82018CF-3D2B-4B73-9E41-2F8DF27D05D9}.Release|Any CPU.Build.0 = Release|Any CPU
		{0DF2CDE8-0740-435B-AF5B-06BACF906689}.Debug|Any CPU.ActiveCfg = Debug|Any CPU
		{0DF2CDE8-0740-435B-AF5B-06BACF906689}.Debug|Any CPU.Build.0 = Debug|Any CPU
		{0DF2CDE8-0740-435B-AF5B-06BACF906689}.Release|Any CPU.ActiveCfg = Release|Any CPU
		{0DF2CDE8-0740-435B-AF5B-06BACF906689}.Release|Any CPU.Build.0 = Release|Any CPU
	EndGlobalSection
	GlobalSection(NestedProjects) = preSolution
	EndGlobalSection
EndGlobal
